
Microsoft Visual Studio Solution File, Format Version 12.00
# Visual Studio 15
VisualStudioVersion = 15.0.28307.572
MinimumVisualStudioVersion = 10.0.40219.1
Project("{FAE04EC0-301F-11D3-BF4B-00C04F79EFBC}") = "Javascript", "Javascript\Javascript.csproj", "{81241DCD-580F-4EA3-BCFF-568890F363BB}"
EndProject
Global
	GlobalSection(SolutionConfigurationPlatforms) = preSolution
		Debug|Any CPU = Debug|Any CPU
		Release|Any CPU = Release|Any CPU
	EndGlobalSection
	GlobalSection(ProjectConfigurationPlatforms) = postSolution
		{81241DCD-580F-4EA3-BCFF-568890F363BB}.Debug|Any CPU.ActiveCfg = Debug|Any CPU
		{81241DCD-580F-4EA3-BCFF-568890F363BB}.Debug|Any CPU.Build.0 = Debug|Any CPU
		{81241DCD-580F-4EA3-BCFF-568890F363BB}.Release|Any CPU.ActiveCfg = Release|Any CPU
		{81241DCD-580F-4EA3-BCFF-568890F363BB}.Release|Any CPU.Build.0 = Release|Any CPU
	EndGlobalSection
	GlobalSection(SolutionProperties) = preSolution
		HideSolutionNode = FALSE
	EndGlobalSection
	GlobalSection(ExtensibilityGlobals) = postSolution
		SolutionGuid = {BE78A5EB-7FD8-4C97-8BD5-156C76630AC9}
	EndGlobalSection
EndGlobal
