
Microsoft Visual Studio Solution File, Format Version 12.00
# Visual Studio 15
VisualStudioVersion = 15.0.28307.572
MinimumVisualStudioVersion = 10.0.40219.1
Project("{FAE04EC0-301F-11D3-BF4B-00C04F79EFBC}") = "FormApp1", "FormApp1\FormApp1.csproj", "{0367DD7D-699C-40A3-9AC8-961FF84335E4}"
EndProject
Project("{FAE04EC0-301F-11D3-BF4B-00C04F79EFBC}") = "FormApp1.Data", "FormApp1.Data\FormApp1.Data.csproj", "{EC84A845-448B-4FA2-8840-4F905615BB5C}"
EndProject
Global
	GlobalSection(SolutionConfigurationPlatforms) = preSolution
		Debug|Any CPU = Debug|Any CPU
		Release|Any CPU = Release|Any CPU
	EndGlobalSection
	GlobalSection(ProjectConfigurationPlatforms) = postSolution
		{0367DD7D-699C-40A3-9AC8-961FF84335E4}.Debug|Any CPU.ActiveCfg = Debug|Any CPU
		{0367DD7D-699C-40A3-9AC8-961FF84335E4}.Debug|Any CPU.Build.0 = Debug|Any CPU
		{0367DD7D-699C-40A3-9AC8-961FF84335E4}.Release|Any CPU.ActiveCfg = Release|Any CPU
		{0367DD7D-699C-40A3-9AC8-961FF84335E4}.Release|Any CPU.Build.0 = Release|Any CPU
		{EC84A845-448B-4FA2-8840-4F905615BB5C}.Debug|Any CPU.ActiveCfg = Debug|Any CPU
		{EC84A845-448B-4FA2-8840-4F905615BB5C}.Debug|Any CPU.Build.0 = Debug|Any CPU
		{EC84A845-448B-4FA2-8840-4F905615BB5C}.Release|Any CPU.ActiveCfg = Release|Any CPU
		{EC84A845-448B-4FA2-8840-4F905615BB5C}.Release|Any CPU.Build.0 = Release|Any CPU
	EndGlobalSection
	GlobalSection(SolutionProperties) = preSolution
		HideSolutionNode = FALSE
	EndGlobalSection
	GlobalSection(ExtensibilityGlobals) = postSolution
		SolutionGuid = {7F3FF7DA-BF5E-4004-81C6-17A2690DFE60}
	EndGlobalSection
EndGlobal
